
Microsoft Visual Studio Solution File, Format Version 12.00
# Visual Studio Version 17
VisualStudioVersion = 17.9.34607.119
MinimumVisualStudioVersion = 10.0.40219.1
Project("{FAE04EC0-301F-11D3-BF4B-00C04F79EFBC}") = "AnagramChecker", "AnagramChecker\AnagramChecker.csproj", "{F4E85D35-1055-4D39-A3B6-2B903B889C77}"
EndProject
Project("{FAE04EC0-301F-11D3-BF4B-00C04F79EFBC}") = "AnagramCheckerTest", "AnagramCheckerTest\AnagramCheckerTest.csproj", "{1BB6ED51-2068-4A9E-A66D-D5CE9B325371}"
EndProject
Global
	GlobalSection(SolutionConfigurationPlatforms) = preSolution
		Debug|Any CPU = Debug|Any CPU
		Release|Any CPU = Release|Any CPU
	EndGlobalSection
	GlobalSection(ProjectConfigurationPlatforms) = postSolution
		{F4E85D35-1055-4D39-A3B6-2B903B889C77}.Debug|Any CPU.ActiveCfg = Debug|Any CPU
		{F4E85D35-1055-4D39-A3B6-2B903B889C77}.Debug|Any CPU.Build.0 = Debug|Any CPU
		{F4E85D35-1055-4D39-A3B6-2B903B889C77}.Release|Any CPU.ActiveCfg = Release|Any CPU
		{F4E85D35-1055-4D39-A3B6-2B903B889C77}.Release|Any CPU.Build.0 = Release|Any CPU
		{1BB6ED51-2068-4A9E-A66D-D5CE9B325371}.Debug|Any CPU.ActiveCfg = Debug|Any CPU
		{1BB6ED51-2068-4A9E-A66D-D5CE9B325371}.Debug|Any CPU.Build.0 = Debug|Any CPU
		{1BB6ED51-2068-4A9E-A66D-D5CE9B325371}.Release|Any CPU.ActiveCfg = Release|Any CPU
		{1BB6ED51-2068-4A9E-A66D-D5CE9B325371}.Release|Any CPU.Build.0 = Release|Any CPU
	EndGlobalSection
	GlobalSection(SolutionProperties) = preSolution
		HideSolutionNode = FALSE
	EndGlobalSection
	GlobalSection(ExtensibilityGlobals) = postSolution
		SolutionGuid = {97B153DC-F8BF-4D79-AE08-8260804D707B}
	EndGlobalSection
EndGlobal
